
Microsoft Visual Studio Solution File, Format Version 12.00
# Visual Studio 14
VisualStudioVersion = 14.0.24720.0
MinimumVisualStudioVersion = 10.0.40219.1
Project("{FAE04EC0-301F-11D3-BF4B-00C04F79EFBC}") = "FileManager", "FileManager\FileManager.csproj", "{27CD0A04-3617-4080-9053-7FD3F92CA600}"
EndProject
Global
	GlobalSection(SolutionConfigurationPlatforms) = preSolution
		Debug|Any CPU = Debug|Any CPU
		Release|Any CPU = Release|Any CPU
	EndGlobalSection
	GlobalSection(ProjectConfigurationPlatforms) = postSolution
		{27CD0A04-3617-4080-9053-7FD3F92CA600}.Debug|Any CPU.ActiveCfg = Debug|Any CPU
		{27CD0A04-3617-4080-9053-7FD3F92CA600}.Debug|Any CPU.Build.0 = Debug|Any CPU
		{27CD0A04-3617-4080-9053-7FD3F92CA600}.Release|Any CPU.ActiveCfg = Release|Any CPU
		{27CD0A04-3617-4080-9053-7FD3F92CA600}.Release|Any CPU.Build.0 = Release|Any CPU
	EndGlobalSection
	GlobalSection(SolutionProperties) = preSolution
		HideSolutionNode = FALSE
	EndGlobalSection
EndGlobal
